{
    "version": "0.5",
    "requires": [
        "zlib/1.2.11#bfceb3f8904b735f75c2b0df5713b1e6%1743582315.558",
        "openssl/1.1.1p#15f0be7e71c8ec58f29ab13871bedc6e%1675968914.885",
        "expat/2.4.1#742c681fc10b0ee1f11b490b483fa48e%1684596001.426"
    ],
    "build_requires": [],
    "python_requires": [],
    "config_requires": []
}
